
Microsoft Visual Studio Solution File, Format Version 12.00
# Visual Studio 15
VisualStudioVersion = 15.0.27703.2018
MinimumVisualStudioVersion = 10.0.40219.1
Project("{FAE04EC0-301F-11D3-BF4B-00C04F79EFBC}") = "CurveSlope", "CurveSlope\CurveSlope.csproj", "{6FCC8D16-9CD1-440F-AE8D-39824B3CA8B3}"
EndProject
Project("{FAE04EC0-301F-11D3-BF4B-00C04F79EFBC}") = "BinarySelector", "BinarySelector\BinarySelector.csproj", "{DA9AAEA9-A9E6-4BCD-95F1-29183A74D497}"
EndProject
Project("{FAE04EC0-301F-11D3-BF4B-00C04F79EFBC}") = "OffsetClosed", "OffsetClosed\OffsetClosed.csproj", "{04C41964-FB5F-4617-A007-ECAC7A7BC368}"
EndProject
Project("{FAE04EC0-301F-11D3-BF4B-00C04F79EFBC}") = "RectangleCorners", "RectangleCorners\RectangleCorners.csproj", "{11BAFFB6-1D64-4309-A6C8-C2D48D027980}"
EndProject
Project("{2150E333-8FDC-42A3-9474-1A3956D46DE8}") = "Solution Items", "Solution Items", "{DC65E1BA-AF26-4489-A374-F614362C4BFC}"
	ProjectSection(SolutionItems) = preProject
		README.md = README.md
	EndProjectSection
EndProject
Project("{FAE04EC0-301F-11D3-BF4B-00C04F79EFBC}") = "NumbersToDomain", "NumbersToDomain\NumbersToDomain.csproj", "{08A58214-C0CD-4A76-9A4A-9D7417426D6B}"
EndProject
Project("{FAE04EC0-301F-11D3-BF4B-00C04F79EFBC}") = "LineSDLBS", "LineSDLBS\LineSDLBS.csproj", "{07263562-ABD8-4C49-857C-E35D89F0130B}"
EndProject
Project("{FAE04EC0-301F-11D3-BF4B-00C04F79EFBC}") = "RenameGeometry", "RenameGeometry\RenameGeometry.csproj", "{F6C0EFD8-AB7A-4C4C-8DF6-6AB1EB62821D}"
EndProject
Global
	GlobalSection(SolutionConfigurationPlatforms) = preSolution
		Debug|Any CPU = Debug|Any CPU
		Release|Any CPU = Release|Any CPU
	EndGlobalSection
	GlobalSection(ProjectConfigurationPlatforms) = postSolution
		{6FCC8D16-9CD1-440F-AE8D-39824B3CA8B3}.Debug|Any CPU.ActiveCfg = Debug|Any CPU
		{6FCC8D16-9CD1-440F-AE8D-39824B3CA8B3}.Debug|Any CPU.Build.0 = Debug|Any CPU
		{6FCC8D16-9CD1-440F-AE8D-39824B3CA8B3}.Release|Any CPU.ActiveCfg = Release|Any CPU
		{6FCC8D16-9CD1-440F-AE8D-39824B3CA8B3}.Release|Any CPU.Build.0 = Release|Any CPU
		{DA9AAEA9-A9E6-4BCD-95F1-29183A74D497}.Debug|Any CPU.ActiveCfg = Debug|Any CPU
		{DA9AAEA9-A9E6-4BCD-95F1-29183A74D497}.Debug|Any CPU.Build.0 = Debug|Any CPU
		{DA9AAEA9-A9E6-4BCD-95F1-29183A74D497}.Release|Any CPU.ActiveCfg = Release|Any CPU
		{DA9AAEA9-A9E6-4BCD-95F1-29183A74D497}.Release|Any CPU.Build.0 = Release|Any CPU
		{04C41964-FB5F-4617-A007-ECAC7A7BC368}.Debug|Any CPU.ActiveCfg = Debug|Any CPU
		{04C41964-FB5F-4617-A007-ECAC7A7BC368}.Debug|Any CPU.Build.0 = Debug|Any CPU
		{04C41964-FB5F-4617-A007-ECAC7A7BC368}.Release|Any CPU.ActiveCfg = Release|Any CPU
		{04C41964-FB5F-4617-A007-ECAC7A7BC368}.Release|Any CPU.Build.0 = Release|Any CPU
		{11BAFFB6-1D64-4309-A6C8-C2D48D027980}.Debug|Any CPU.ActiveCfg = Debug|Any CPU
		{11BAFFB6-1D64-4309-A6C8-C2D48D027980}.Debug|Any CPU.Build.0 = Debug|Any CPU
		{11BAFFB6-1D64-4309-A6C8-C2D48D027980}.Release|Any CPU.ActiveCfg = Release|Any CPU
		{11BAFFB6-1D64-4309-A6C8-C2D48D027980}.Release|Any CPU.Build.0 = Release|Any CPU
		{08A58214-C0CD-4A76-9A4A-9D7417426D6B}.Debug|Any CPU.ActiveCfg = Debug|Any CPU
		{08A58214-C0CD-4A76-9A4A-9D7417426D6B}.Debug|Any CPU.Build.0 = Debug|Any CPU
		{08A58214-C0CD-4A76-9A4A-9D7417426D6B}.Release|Any CPU.ActiveCfg = Release|Any CPU
		{08A58214-C0CD-4A76-9A4A-9D7417426D6B}.Release|Any CPU.Build.0 = Release|Any CPU
		{07263562-ABD8-4C49-857C-E35D89F0130B}.Debug|Any CPU.ActiveCfg = Debug|Any CPU
		{07263562-ABD8-4C49-857C-E35D89F0130B}.Debug|Any CPU.Build.0 = Debug|Any CPU
		{07263562-ABD8-4C49-857C-E35D89F0130B}.Release|Any CPU.ActiveCfg = Release|Any CPU
		{07263562-ABD8-4C49-857C-E35D89F0130B}.Release|Any CPU.Build.0 = Release|Any CPU
		{F6C0EFD8-AB7A-4C4C-8DF6-6AB1EB62821D}.Debug|Any CPU.ActiveCfg = Debug|Any CPU
		{F6C0EFD8-AB7A-4C4C-8DF6-6AB1EB62821D}.Debug|Any CPU.Build.0 = Debug|Any CPU
		{F6C0EFD8-AB7A-4C4C-8DF6-6AB1EB62821D}.Release|Any CPU.ActiveCfg = Release|Any CPU
		{F6C0EFD8-AB7A-4C4C-8DF6-6AB1EB62821D}.Release|Any CPU.Build.0 = Release|Any CPU
	EndGlobalSection
	GlobalSection(SolutionProperties) = preSolution
		HideSolutionNode = FALSE
	EndGlobalSection
	GlobalSection(ExtensibilityGlobals) = postSolution
		SolutionGuid = {2A993639-5613-49E8-A6F6-64E7DBCE1F0D}
	EndGlobalSection
EndGlobal
